<?xml version="1.0" encoding="utf-8"?>
<Project ToolsVersion="17.0" xmlns="http://schemas.microsoft.com/developer/msbuild/2003">
  <ItemGroup>
    <ClCompile Include="C:\Users\clemy\source\repos\ViennaEngines\ViennaVulkanEngine\VulkanEngine\BottomLevelASGenerator.cpp">
      <Filter>Source Files</Filter>
    </ClCompile>
    <ClCompile Include="C:\Users\clemy\source\repos\ViennaEngines\ViennaVulkanEngine\VulkanEngine\DescriptorSetGenerator.cpp">
      <Filter>Source Files</Filter>
    </ClCompile>
    <ClCompile Include="C:\Users\clemy\source\repos\ViennaEngines\ViennaVulkanEngine\VulkanEngine\RaytracingPipelineGenerator.cpp">
      <Filter>Source Files</Filter>
    </ClCompile>
    <ClCompile Include="C:\Users\clemy\source\repos\ViennaEngines\ViennaVulkanEngine\VulkanEngine\ShaderBindingTableGenerator.cpp">
      <Filter>Source Files</Filter>
    </ClCompile>
    <ClCompile Include="C:\Users\clemy\source\repos\ViennaEngines\ViennaVulkanEngine\VulkanEngine\TopLevelASGenerator.cpp">
      <Filter>Source Files</Filter>
    </ClCompile>
    <ClCompile Include="C:\Users\clemy\source\repos\ViennaEngines\ViennaVulkanEngine\VulkanEngine\VEDocumentation.cpp">
      <Filter>Source Files</Filter>
    </ClCompile>
    <ClCompile Include="C:\Users\clemy\source\repos\ViennaEngines\ViennaVulkanEngine\VulkanEngine\VEEngine.cpp">
      <Filter>Source Files</Filter>
    </ClCompile>
    <ClCompile Include="C:\Users\clemy\source\repos\ViennaEngines\ViennaVulkanEngine\VulkanEngine\VEEntity.cpp">
      <Filter>Source Files</Filter>
    </ClCompile>
    <ClCompile Include="C:\Users\clemy\source\repos\ViennaEngines\ViennaVulkanEngine\VulkanEngine\VEEventListener.cpp">
      <Filter>Source Files</Filter>
    </ClCompile>
    <ClCompile Include="C:\Users\clemy\source\repos\ViennaEngines\ViennaVulkanEngine\VulkanEngine\VEEventListenerGLFW.cpp">
      <Filter>Source Files</Filter>
    </ClCompile>
    <ClCompile Include="C:\Users\clemy\source\repos\ViennaEngines\ViennaVulkanEngine\VulkanEngine\VEEventListenerNuklear.cpp">
      <Filter>Source Files</Filter>
    </ClCompile>
    <ClCompile Include="C:\Users\clemy\source\repos\ViennaEngines\ViennaVulkanEngine\VulkanEngine\VEEventListenerNuklearDebug.cpp">
      <Filter>Source Files</Filter>
    </ClCompile>
    <ClCompile Include="C:\Users\clemy\source\repos\ViennaEngines\ViennaVulkanEngine\VulkanEngine\VEEventListenerNuklearError.cpp">
      <Filter>Source Files</Filter>
    </ClCompile>
    <ClCompile Include="C:\Users\clemy\source\repos\ViennaEngines\ViennaVulkanEngine\VulkanEngine\VEMaterial.cpp">
      <Filter>Source Files</Filter>
    </ClCompile>
    <ClCompile Include="C:\Users\clemy\source\repos\ViennaEngines\ViennaVulkanEngine\VulkanEngine\VENamedClass.cpp">
      <Filter>Source Files</Filter>
    </ClCompile>
    <ClCompile Include="C:\Users\clemy\source\repos\ViennaEngines\ViennaVulkanEngine\VulkanEngine\VERenderer.cpp">
      <Filter>Source Files</Filter>
    </ClCompile>
    <ClCompile Include="C:\Users\clemy\source\repos\ViennaEngines\ViennaVulkanEngine\VulkanEngine\VERendererDeferred.cpp">
      <Filter>Source Files</Filter>
    </ClCompile>
    <ClCompile Include="C:\Users\clemy\source\repos\ViennaEngines\ViennaVulkanEngine\VulkanEngine\VERendererForward.cpp">
      <Filter>Source Files</Filter>
    </ClCompile>
    <ClCompile Include="C:\Users\clemy\source\repos\ViennaEngines\ViennaVulkanEngine\VulkanEngine\VERendererRayTracingKHR.cpp">
      <Filter>Source Files</Filter>
    </ClCompile>
    <ClCompile Include="C:\Users\clemy\source\repos\ViennaEngines\ViennaVulkanEngine\VulkanEngine\VERendererRayTracingNV.cpp">
      <Filter>Source Files</Filter>
    </ClCompile>
    <ClCompile Include="C:\Users\clemy\source\repos\ViennaEngines\ViennaVulkanEngine\VulkanEngine\VESceneManager.cpp">
      <Filter>Source Files</Filter>
    </ClCompile>
    <ClCompile Include="C:\Users\clemy\source\repos\ViennaEngines\ViennaVulkanEngine\VulkanEngine\VESubrender.cpp">
      <Filter>Source Files</Filter>
    </ClCompile>
    <ClCompile Include="C:\Users\clemy\source\repos\ViennaEngines\ViennaVulkanEngine\VulkanEngine\VESubrenderDF.cpp">
      <Filter>Source Files</Filter>
    </ClCompile>
    <ClCompile Include="C:\Users\clemy\source\repos\ViennaEngines\ViennaVulkanEngine\VulkanEngine\VESubrenderDF_C1.cpp">
      <Filter>Source Files</Filter>
    </ClCompile>
    <ClCompile Include="C:\Users\clemy\source\repos\ViennaEngines\ViennaVulkanEngine\VulkanEngine\VESubrenderDF_Composer.cpp">
      <Filter>Source Files</Filter>
    </ClCompile>
    <ClCompile Include="C:\Users\clemy\source\repos\ViennaEngines\ViennaVulkanEngine\VulkanEngine\VESubrenderDF_D.cpp">
      <Filter>Source Files</Filter>
    </ClCompile>
    <ClCompile Include="C:\Users\clemy\source\repos\ViennaEngines\ViennaVulkanEngine\VulkanEngine\VESubrenderDF_DN.cpp">
      <Filter>Source Files</Filter>
    </ClCompile>
    <ClCompile Include="C:\Users\clemy\source\repos\ViennaEngines\ViennaVulkanEngine\VulkanEngine\VESubrenderDF_Shadow.cpp">
      <Filter>Source Files</Filter>
    </ClCompile>
    <ClCompile Include="C:\Users\clemy\source\repos\ViennaEngines\ViennaVulkanEngine\VulkanEngine\VESubrenderDF_Skyplane.cpp">
      <Filter>Source Files</Filter>
    </ClCompile>
    <ClCompile Include="C:\Users\clemy\source\repos\ViennaEngines\ViennaVulkanEngine\VulkanEngine\VESubrenderFW.cpp">
      <Filter>Source Files</Filter>
    </ClCompile>
    <ClCompile Include="C:\Users\clemy\source\repos\ViennaEngines\ViennaVulkanEngine\VulkanEngine\VESubrenderFW_C1.cpp">
      <Filter>Source Files</Filter>
    </ClCompile>
    <ClCompile Include="C:\Users\clemy\source\repos\ViennaEngines\ViennaVulkanEngine\VulkanEngine\VESubrenderFW_Cloth.cpp">
      <Filter>Source Files</Filter>
    </ClCompile>
    <ClCompile Include="C:\Users\clemy\source\repos\ViennaEngines\ViennaVulkanEngine\VulkanEngine\VESubrenderFW_D.cpp">
      <Filter>Source Files</Filter>
    </ClCompile>
    <ClCompile Include="C:\Users\clemy\source\repos\ViennaEngines\ViennaVulkanEngine\VulkanEngine\VESubrenderFW_DN.cpp">
      <Filter>Source Files</Filter>
    </ClCompile>
    <ClCompile Include="C:\Users\clemy\source\repos\ViennaEngines\ViennaVulkanEngine\VulkanEngine\VESubrenderFW_Shadow.cpp">
      <Filter>Source Files</Filter>
    </ClCompile>
    <ClCompile Include="C:\Users\clemy\source\repos\ViennaEngines\ViennaVulkanEngine\VulkanEngine\VESubrenderFW_Skyplane.cpp">
      <Filter>Source Files</Filter>
    </ClCompile>
    <ClCompile Include="C:\Users\clemy\source\repos\ViennaEngines\ViennaVulkanEngine\VulkanEngine\VESubrenderRayTracingKHR.cpp">
      <Filter>Source Files</Filter>
    </ClCompile>
    <ClCompile Include="C:\Users\clemy\source\repos\ViennaEngines\ViennaVulkanEngine\VulkanEngine\VESubrenderRayTracingKHR_DN.cpp">
      <Filter>Source Files</Filter>
    </ClCompile>
    <ClCompile Include="C:\Users\clemy\source\repos\ViennaEngines\ViennaVulkanEngine\VulkanEngine\VESubrenderRayTracingNV.cpp">
      <Filter>Source Files</Filter>
    </ClCompile>
    <ClCompile Include="C:\Users\clemy\source\repos\ViennaEngines\ViennaVulkanEngine\VulkanEngine\VESubrenderRayTracingNV_DN.cpp">
      <Filter>Source Files</Filter>
    </ClCompile>
    <ClCompile Include="C:\Users\clemy\source\repos\ViennaEngines\ViennaVulkanEngine\VulkanEngine\VESubrender_Nuklear.cpp">
      <Filter>Source Files</Filter>
    </ClCompile>
    <ClCompile Include="C:\Users\clemy\source\repos\ViennaEngines\ViennaVulkanEngine\VulkanEngine\VEWindow.cpp">
      <Filter>Source Files</Filter>
    </ClCompile>
    <ClCompile Include="C:\Users\clemy\source\repos\ViennaEngines\ViennaVulkanEngine\VulkanEngine\VEWindowGLFW.cpp">
      <Filter>Source Files</Filter>
    </ClCompile>
    <ClCompile Include="C:\Users\clemy\source\repos\ViennaEngines\ViennaVulkanEngine\VulkanEngine\VHBuffer.cpp">
      <Filter>Source Files</Filter>
    </ClCompile>
    <ClCompile Include="C:\Users\clemy\source\repos\ViennaEngines\ViennaVulkanEngine\VulkanEngine\VHCommand.cpp">
      <Filter>Source Files</Filter>
    </ClCompile>
    <ClCompile Include="C:\Users\clemy\source\repos\ViennaEngines\ViennaVulkanEngine\VulkanEngine\VHDebug.cpp">
      <Filter>Source Files</Filter>
    </ClCompile>
    <ClCompile Include="C:\Users\clemy\source\repos\ViennaEngines\ViennaVulkanEngine\VulkanEngine\VHDevice.cpp">
      <Filter>Source Files</Filter>
    </ClCompile>
    <ClCompile Include="C:\Users\clemy\source\repos\ViennaEngines\ViennaVulkanEngine\VulkanEngine\VHFile.cpp">
      <Filter>Source Files</Filter>
    </ClCompile>
    <ClCompile Include="C:\Users\clemy\source\repos\ViennaEngines\ViennaVulkanEngine\VulkanEngine\VHFunctions.cpp">
      <Filter>Source Files</Filter>
    </ClCompile>
    <ClCompile Include="C:\Users\clemy\source\repos\ViennaEngines\ViennaVulkanEngine\VulkanEngine\VHMemory.cpp">
      <Filter>Source Files</Filter>
    </ClCompile>
    <ClCompile Include="C:\Users\clemy\source\repos\ViennaEngines\ViennaVulkanEngine\VulkanEngine\VHRayTracing.cpp">
      <Filter>Source Files</Filter>
    </ClCompile>
    <ClCompile Include="C:\Users\clemy\source\repos\ViennaEngines\ViennaVulkanEngine\VulkanEngine\VHRender.cpp">
      <Filter>Source Files</Filter>
    </ClCompile>
    <ClCompile Include="C:\Users\clemy\source\repos\ViennaEngines\ViennaVulkanEngine\VulkanEngine\VHSwapchain.cpp">
      <Filter>Source Files</Filter>
    </ClCompile>
    <ClCompile Include="C:\Users\clemy\source\repos\ViennaEngines\ViennaVulkanEngine\VulkanEngine\VKHelpers.cpp">
      <Filter>Source Files</Filter>
    </ClCompile>
    <ClCompile Include="C:\Users\clemy\source\repos\ViennaEngines\ViennaVulkanEngine\external\threadpool\ThreadPool.cpp">
      <Filter>Source Files</Filter>
    </ClCompile>
  </ItemGroup>
  <ItemGroup>
    <ClInclude Include="C:\Users\clemy\source\repos\ViennaEngines\ViennaVulkanEngine\VulkanEngine\BottomLevelASGenerator.h">
      <Filter>Header Files</Filter>
    </ClInclude>
    <ClInclude Include="C:\Users\clemy\source\repos\ViennaEngines\ViennaVulkanEngine\VulkanEngine\DescriptorSetGenerator.h">
      <Filter>Header Files</Filter>
    </ClInclude>
    <ClInclude Include="C:\Users\clemy\source\repos\ViennaEngines\ViennaVulkanEngine\VulkanEngine\RaytracingPipelineGenerator.h">
      <Filter>Header Files</Filter>
    </ClInclude>
    <ClInclude Include="C:\Users\clemy\source\repos\ViennaEngines\ViennaVulkanEngine\VulkanEngine\ShaderBindingTableGenerator.h">
      <Filter>Header Files</Filter>
    </ClInclude>
    <ClInclude Include="C:\Users\clemy\source\repos\ViennaEngines\ViennaVulkanEngine\VulkanEngine\TopLevelASGenerator.h">
      <Filter>Header Files</Filter>
    </ClInclude>
    <ClInclude Include="C:\Users\clemy\source\repos\ViennaEngines\ViennaVulkanEngine\VulkanEngine\VEEngine.h">
      <Filter>Header Files</Filter>
    </ClInclude>
    <ClInclude Include="C:\Users\clemy\source\repos\ViennaEngines\ViennaVulkanEngine\VulkanEngine\VEEntity.h">
      <Filter>Header Files</Filter>
    </ClInclude>
    <ClInclude Include="C:\Users\clemy\source\repos\ViennaEngines\ViennaVulkanEngine\VulkanEngine\VEEnums.h">
      <Filter>Header Files</Filter>
    </ClInclude>
    <ClInclude Include="C:\Users\clemy\source\repos\ViennaEngines\ViennaVulkanEngine\VulkanEngine\VEEventListener.h">
      <Filter>Header Files</Filter>
    </ClInclude>
    <ClInclude Include="C:\Users\clemy\source\repos\ViennaEngines\ViennaVulkanEngine\VulkanEngine\VEEventListenerGLFW.h">
      <Filter>Header Files</Filter>
    </ClInclude>
    <ClInclude Include="C:\Users\clemy\source\repos\ViennaEngines\ViennaVulkanEngine\VulkanEngine\VEEventListenerNuklear.h">
      <Filter>Header Files</Filter>
    </ClInclude>
    <ClInclude Include="C:\Users\clemy\source\repos\ViennaEngines\ViennaVulkanEngine\VulkanEngine\VEEventListenerNuklearDebug.h">
      <Filter>Header Files</Filter>
    </ClInclude>
    <ClInclude Include="C:\Users\clemy\source\repos\ViennaEngines\ViennaVulkanEngine\VulkanEngine\VEInclude.h">
      <Filter>Header Files</Filter>
    </ClInclude>
    <ClInclude Include="C:\Users\clemy\source\repos\ViennaEngines\ViennaVulkanEngine\VulkanEngine\VEMaterial.h">
      <Filter>Header Files</Filter>
    </ClInclude>
    <ClInclude Include="C:\Users\clemy\source\repos\ViennaEngines\ViennaVulkanEngine\VulkanEngine\VENamedClass.h">
      <Filter>Header Files</Filter>
    </ClInclude>
    <ClInclude Include="C:\Users\clemy\source\repos\ViennaEngines\ViennaVulkanEngine\VulkanEngine\VERenderer.h">
      <Filter>Header Files</Filter>
    </ClInclude>
    <ClInclude Include="C:\Users\clemy\source\repos\ViennaEngines\ViennaVulkanEngine\VulkanEngine\VERendererDeferred.h">
      <Filter>Header Files</Filter>
    </ClInclude>
    <ClInclude Include="C:\Users\clemy\source\repos\ViennaEngines\ViennaVulkanEngine\VulkanEngine\VERendererForward.h">
      <Filter>Header Files</Filter>
    </ClInclude>
    <ClInclude Include="C:\Users\clemy\source\repos\ViennaEngines\ViennaVulkanEngine\VulkanEngine\VERendererRayTracingKHR.h">
      <Filter>Header Files</Filter>
    </ClInclude>
    <ClInclude Include="C:\Users\clemy\source\repos\ViennaEngines\ViennaVulkanEngine\VulkanEngine\VERendererRayTracingNV.h">
      <Filter>Header Files</Filter>
    </ClInclude>
    <ClInclude Include="C:\Users\clemy\source\repos\ViennaEngines\ViennaVulkanEngine\VulkanEngine\VERendererShader.h">
      <Filter>Header Files</Filter>
    </ClInclude>
    <ClInclude Include="C:\Users\clemy\source\repos\ViennaEngines\ViennaVulkanEngine\VulkanEngine\VESceneManager.h">
      <Filter>Header Files</Filter>
    </ClInclude>
    <ClInclude Include="C:\Users\clemy\source\repos\ViennaEngines\ViennaVulkanEngine\VulkanEngine\VESubrender.h">
      <Filter>Header Files</Filter>
    </ClInclude>
    <ClInclude Include="C:\Users\clemy\source\repos\ViennaEngines\ViennaVulkanEngine\VulkanEngine\VESubrenderDF.h">
      <Filter>Header Files</Filter>
    </ClInclude>
    <ClInclude Include="C:\Users\clemy\source\repos\ViennaEngines\ViennaVulkanEngine\VulkanEngine\VESubrenderDF_C1.h">
      <Filter>Header Files</Filter>
    </ClInclude>
    <ClInclude Include="C:\Users\clemy\source\repos\ViennaEngines\ViennaVulkanEngine\VulkanEngine\VESubrenderDF_Composer.h">
      <Filter>Header Files</Filter>
    </ClInclude>
    <ClInclude Include="C:\Users\clemy\source\repos\ViennaEngines\ViennaVulkanEngine\VulkanEngine\VESubrenderDF_D.h">
      <Filter>Header Files</Filter>
    </ClInclude>
    <ClInclude Include="C:\Users\clemy\source\repos\ViennaEngines\ViennaVulkanEngine\VulkanEngine\VESubrenderDF_DN.h">
      <Filter>Header Files</Filter>
    </ClInclude>
    <ClInclude Include="C:\Users\clemy\source\repos\ViennaEngines\ViennaVulkanEngine\VulkanEngine\VESubrenderDF_Shadow.h">
      <Filter>Header Files</Filter>
    </ClInclude>
    <ClInclude Include="C:\Users\clemy\source\repos\ViennaEngines\ViennaVulkanEngine\VulkanEngine\VESubrenderDF_Skyplane.h">
      <Filter>Header Files</Filter>
    </ClInclude>
    <ClInclude Include="C:\Users\clemy\source\repos\ViennaEngines\ViennaVulkanEngine\VulkanEngine\VESubrenderFW.h">
      <Filter>Header Files</Filter>
    </ClInclude>
    <ClInclude Include="C:\Users\clemy\source\repos\ViennaEngines\ViennaVulkanEngine\VulkanEngine\VESubrenderFW_C1.h">
      <Filter>Header Files</Filter>
    </ClInclude>
    <ClInclude Include="C:\Users\clemy\source\repos\ViennaEngines\ViennaVulkanEngine\VulkanEngine\VESubrenderFW_Cloth.h">
      <Filter>Header Files</Filter>
    </ClInclude>
    <ClInclude Include="C:\Users\clemy\source\repos\ViennaEngines\ViennaVulkanEngine\VulkanEngine\VESubrenderFW_D.h">
      <Filter>Header Files</Filter>
    </ClInclude>
    <ClInclude Include="C:\Users\clemy\source\repos\ViennaEngines\ViennaVulkanEngine\VulkanEngine\VESubrenderFW_DN.h">
      <Filter>Header Files</Filter>
    </ClInclude>
    <ClInclude Include="C:\Users\clemy\source\repos\ViennaEngines\ViennaVulkanEngine\VulkanEngine\VESubrenderFW_Shadow.h">
      <Filter>Header Files</Filter>
    </ClInclude>
    <ClInclude Include="C:\Users\clemy\source\repos\ViennaEngines\ViennaVulkanEngine\VulkanEngine\VESubrenderFW_Skyplane.h">
      <Filter>Header Files</Filter>
    </ClInclude>
    <ClInclude Include="C:\Users\clemy\source\repos\ViennaEngines\ViennaVulkanEngine\VulkanEngine\VESubrenderRayTracingKHR.h">
      <Filter>Header Files</Filter>
    </ClInclude>
    <ClInclude Include="C:\Users\clemy\source\repos\ViennaEngines\ViennaVulkanEngine\VulkanEngine\VESubrenderRayTracingKHR_DN.h">
      <Filter>Header Files</Filter>
    </ClInclude>
    <ClInclude Include="C:\Users\clemy\source\repos\ViennaEngines\ViennaVulkanEngine\VulkanEngine\VESubrenderRayTracingNV.h">
      <Filter>Header Files</Filter>
    </ClInclude>
    <ClInclude Include="C:\Users\clemy\source\repos\ViennaEngines\ViennaVulkanEngine\VulkanEngine\VESubrenderRayTracingNV_DN.h">
      <Filter>Header Files</Filter>
    </ClInclude>
    <ClInclude Include="C:\Users\clemy\source\repos\ViennaEngines\ViennaVulkanEngine\VulkanEngine\VESubrender_Nuklear.h">
      <Filter>Header Files</Filter>
    </ClInclude>
    <ClInclude Include="C:\Users\clemy\source\repos\ViennaEngines\ViennaVulkanEngine\VulkanEngine\VEWindow.h">
      <Filter>Header Files</Filter>
    </ClInclude>
    <ClInclude Include="C:\Users\clemy\source\repos\ViennaEngines\ViennaVulkanEngine\VulkanEngine\VEWindowGLFW.h">
      <Filter>Header Files</Filter>
    </ClInclude>
    <ClInclude Include="C:\Users\clemy\source\repos\ViennaEngines\ViennaVulkanEngine\VulkanEngine\VHFunctions.h">
      <Filter>Header Files</Filter>
    </ClInclude>
    <ClInclude Include="C:\Users\clemy\source\repos\ViennaEngines\ViennaVulkanEngine\VulkanEngine\VHHelper.h">
      <Filter>Header Files</Filter>
    </ClInclude>
    <ClInclude Include="C:\Users\clemy\source\repos\ViennaEngines\ViennaVulkanEngine\VulkanEngine\VKHelpers.h">
      <Filter>Header Files</Filter>
    </ClInclude>
    <ClInclude Include="C:\Users\clemy\source\repos\ViennaEngines\ViennaVulkanEngine\VulkanEngine\vk_mem_alloc.h">
      <Filter>Header Files</Filter>
    </ClInclude>
  </ItemGroup>
  <ItemGroup>
    <CustomBuild Include="C:\Users\clemy\source\repos\ViennaEngines\ViennaVulkanEngine\VulkanEngine\CMakeLists.txt" />
  </ItemGroup>
  <ItemGroup>
    <Filter Include="Header Files">
      <UniqueIdentifier>{57BE820A-704C-31DB-917C-91DD7D886998}</UniqueIdentifier>
    </Filter>
    <Filter Include="Source Files">
      <UniqueIdentifier>{BAD2C29D-7141-393C-8C71-C2C5FD33B56A}</UniqueIdentifier>
    </Filter>
  </ItemGroup>
</Project>
